// !$*UTF8*$!
{
	archiveVersion = 1;
	classes = {
	};
	objectVersion = 56;
	objects = {

/* Begin PBXBuildFile section */
		681629492A6BF529003F7D26 /* LocalDeviceManager.swift in Sources */ = {isa = PBXBuildFile; fileRef = 681629482A6BF529003F7D26 /* LocalDeviceManager.swift */; };
		6816294A2A6BF529003F7D26 /* LocalDeviceManager.swift in Sources */ = {isa = PBXBuildFile; fileRef = 681629482A6BF529003F7D26 /* LocalDeviceManager.swift */; };
		681629532A6BF830003F7D26 /* CameraView.swift in Sources */ = {isa = PBXBuildFile; fileRef = 681629512A6BF830003F7D26 /* CameraView.swift */; };
		681629552A6BF869003F7D26 /* CameraViewController.swift in Sources */ = {isa = PBXBuildFile; fileRef = 681629542A6BF869003F7D26 /* CameraViewController.swift */; };
		681629572A6BF878003F7D26 /* HandGestureProcessor.swift in Sources */ = {isa = PBXBuildFile; fileRef = 681629562A6BF878003F7D26 /* HandGestureProcessor.swift */; };
		68FB2BAD2A6C0AFC00B9642E /* SceneDelegate.swift in Sources */ = {isa = PBXBuildFile; fileRef = 68FB2BAC2A6C0AFC00B9642E /* SceneDelegate.swift */; };
		78E5CC4B2A6C0A2F0037E6EA /* SceneDelegate.swift in Sources */ = {isa = PBXBuildFile; fileRef = 78E5CC4A2A6C0A250037E6EA /* SceneDelegate.swift */; };
		78E5CC4E2A6C0C330037E6EA /* BubblegumSans-Regular.ttf in Resources */ = {isa = PBXBuildFile; fileRef = 78E5CC4D2A6C0C330037E6EA /* BubblegumSans-Regular.ttf */; };
		78E5CC572A6C3B760037E6EA /* Button Click.mp3 in Resources */ = {isa = PBXBuildFile; fileRef = 78E5CC512A6C3B760037E6EA /* Button Click.mp3 */; };
		78E5CC582A6C3B760037E6EA /* Gameplay.mp3 in Resources */ = {isa = PBXBuildFile; fileRef = 78E5CC522A6C3B760037E6EA /* Gameplay.mp3 */; };
		78E5CC592A6C3B760037E6EA /* Character Movement.mp3 in Resources */ = {isa = PBXBuildFile; fileRef = 78E5CC532A6C3B760037E6EA /* Character Movement.mp3 */; };
		78E5CC5A2A6C3B760037E6EA /* Game End.mp3 in Resources */ = {isa = PBXBuildFile; fileRef = 78E5CC542A6C3B760037E6EA /* Game End.mp3 */; };
		78E5CC5B2A6C3B760037E6EA /* Start Menu.mp3 in Resources */ = {isa = PBXBuildFile; fileRef = 78E5CC552A6C3B760037E6EA /* Start Menu.mp3 */; };
		78E5CC5C2A6C3B760037E6EA /* Item Collected.mp3 in Resources */ = {isa = PBXBuildFile; fileRef = 78E5CC562A6C3B760037E6EA /* Item Collected.mp3 */; };
		D80917CA2A657301007593A4 /* AppDelegate.swift in Sources */ = {isa = PBXBuildFile; fileRef = D80917C92A657301007593A4 /* AppDelegate.swift */; };
		D80917CC2A657301007593A4 /* DeviceDiscoveryViewController.swift in Sources */ = {isa = PBXBuildFile; fileRef = D80917CB2A657301007593A4 /* DeviceDiscoveryViewController.swift */; };
		D80917CF2A657301007593A4 /* Main.storyboard in Resources */ = {isa = PBXBuildFile; fileRef = D80917CD2A657301007593A4 /* Main.storyboard */; };
		D80917D12A657302007593A4 /* Assets.xcassets in Resources */ = {isa = PBXBuildFile; fileRef = D80917D02A657302007593A4 /* Assets.xcassets */; };
		D80917D42A657302007593A4 /* LaunchScreen.storyboard in Resources */ = {isa = PBXBuildFile; fileRef = D80917D22A657302007593A4 /* LaunchScreen.storyboard */; };
		D80B50172A6A507B009D3F3E /* SwiftUI.framework in Frameworks */ = {isa = PBXBuildFile; fileRef = D80B50162A6A507B009D3F3E /* SwiftUI.framework */; };
		D80EAB7D2A6D074F00524D7A /* AudioManager.swift in Sources */ = {isa = PBXBuildFile; fileRef = D80EAB7C2A6D074F00524D7A /* AudioManager.swift */; };
		D821579D2A693602004650C5 /* PopUpView.swift in Sources */ = {isa = PBXBuildFile; fileRef = D821579C2A693602004650C5 /* PopUpView.swift */; };
		D821579F2A69396A004650C5 /* CustomFocusableButton.swift in Sources */ = {isa = PBXBuildFile; fileRef = D821579E2A69396A004650C5 /* CustomFocusableButton.swift */; };
		D83666092A67146E0051EA5B /* GarbageNode.swift in Sources */ = {isa = PBXBuildFile; fileRef = D83666082A67146E0051EA5B /* GarbageNode.swift */; };
		D84497032A6665A1001BEBE9 /* AppDelegate.swift in Sources */ = {isa = PBXBuildFile; fileRef = D84497022A6665A1001BEBE9 /* AppDelegate.swift */; };
		D84497052A6665A1001BEBE9 /* SceneDelegate.swift in Sources */ = {isa = PBXBuildFile; fileRef = D84497042A6665A1001BEBE9 /* SceneDelegate.swift */; };
		D844970A2A6665A1001BEBE9 /* Main.storyboard in Resources */ = {isa = PBXBuildFile; fileRef = D84497082A6665A1001BEBE9 /* Main.storyboard */; };
		D844970C2A6665A2001BEBE9 /* Assets.xcassets in Resources */ = {isa = PBXBuildFile; fileRef = D844970B2A6665A2001BEBE9 /* Assets.xcassets */; };
		D844970F2A6665A2001BEBE9 /* LaunchScreen.storyboard in Resources */ = {isa = PBXBuildFile; fileRef = D844970D2A6665A2001BEBE9 /* LaunchScreen.storyboard */; };
		D84497202A669FAD001BEBE9 /* GameViewController.swift in Sources */ = {isa = PBXBuildFile; fileRef = D844971F2A669FAD001BEBE9 /* GameViewController.swift */; };
		D84ABF612A66D1DE0044FFFE /* SpriteKit.framework in Frameworks */ = {isa = PBXBuildFile; fileRef = D84ABF602A66D1DD0044FFFE /* SpriteKit.framework */; };
		D84ABF632A66D6970044FFFE /* GameScene.swift in Sources */ = {isa = PBXBuildFile; fileRef = D84ABF622A66D6970044FFFE /* GameScene.swift */; };
		D84ABF662A66DCA80044FFFE /* BinNode.swift in Sources */ = {isa = PBXBuildFile; fileRef = D84ABF652A66DCA80044FFFE /* BinNode.swift */; };
		D8CC8E8F2A6CEDFF002FBA67 /* ViewController.swift in Sources */ = {isa = PBXBuildFile; fileRef = D8CC8E8E2A6CEDFF002FBA67 /* ViewController.swift */; };
/* End PBXBuildFile section */

/* Begin PBXFileReference section */
		681629482A6BF529003F7D26 /* LocalDeviceManager.swift */ = {isa = PBXFileReference; lastKnownFileType = sourcecode.swift; path = LocalDeviceManager.swift; sourceTree = "<group>"; };
		681629512A6BF830003F7D26 /* CameraView.swift */ = {isa = PBXFileReference; lastKnownFileType = sourcecode.swift; path = CameraView.swift; sourceTree = "<group>"; };
		681629542A6BF869003F7D26 /* CameraViewController.swift */ = {isa = PBXFileReference; lastKnownFileType = sourcecode.swift; path = CameraViewController.swift; sourceTree = "<group>"; };
		681629562A6BF878003F7D26 /* HandGestureProcessor.swift */ = {isa = PBXFileReference; lastKnownFileType = sourcecode.swift; path = HandGestureProcessor.swift; sourceTree = "<group>"; };
		68FB2BAC2A6C0AFC00B9642E /* SceneDelegate.swift */ = {isa = PBXFileReference; lastKnownFileType = sourcecode.swift; path = SceneDelegate.swift; sourceTree = "<group>"; };
		78E5CC4A2A6C0A250037E6EA /* SceneDelegate.swift */ = {isa = PBXFileReference; lastKnownFileType = sourcecode.swift; path = SceneDelegate.swift; sourceTree = "<group>"; };
		78E5CC4D2A6C0C330037E6EA /* BubblegumSans-Regular.ttf */ = {isa = PBXFileReference; lastKnownFileType = file; path = "BubblegumSans-Regular.ttf"; sourceTree = "<group>"; };
		78E5CC512A6C3B760037E6EA /* Button Click.mp3 */ = {isa = PBXFileReference; lastKnownFileType = audio.mp3; path = "Button Click.mp3"; sourceTree = "<group>"; };
		78E5CC522A6C3B760037E6EA /* Gameplay.mp3 */ = {isa = PBXFileReference; lastKnownFileType = audio.mp3; path = Gameplay.mp3; sourceTree = "<group>"; };
		78E5CC532A6C3B760037E6EA /* Character Movement.mp3 */ = {isa = PBXFileReference; lastKnownFileType = audio.mp3; path = "Character Movement.mp3"; sourceTree = "<group>"; };
		78E5CC542A6C3B760037E6EA /* Game End.mp3 */ = {isa = PBXFileReference; lastKnownFileType = audio.mp3; path = "Game End.mp3"; sourceTree = "<group>"; };
		78E5CC552A6C3B760037E6EA /* Start Menu.mp3 */ = {isa = PBXFileReference; lastKnownFileType = audio.mp3; path = "Start Menu.mp3"; sourceTree = "<group>"; };
		78E5CC562A6C3B760037E6EA /* Item Collected.mp3 */ = {isa = PBXFileReference; lastKnownFileType = audio.mp3; path = "Item Collected.mp3"; sourceTree = "<group>"; };
		D80917C62A657301007593A4 /* NanoChallenge3-tvOS.app */ = {isa = PBXFileReference; explicitFileType = wrapper.application; includeInIndex = 0; path = "NanoChallenge3-tvOS.app"; sourceTree = BUILT_PRODUCTS_DIR; };
		D80917C92A657301007593A4 /* AppDelegate.swift */ = {isa = PBXFileReference; lastKnownFileType = sourcecode.swift; path = AppDelegate.swift; sourceTree = "<group>"; };
		D80917CB2A657301007593A4 /* DeviceDiscoveryViewController.swift */ = {isa = PBXFileReference; lastKnownFileType = sourcecode.swift; path = DeviceDiscoveryViewController.swift; sourceTree = "<group>"; };
		D80917CE2A657301007593A4 /* Base */ = {isa = PBXFileReference; lastKnownFileType = file.storyboard; name = Base; path = Base.lproj/Main.storyboard; sourceTree = "<group>"; };
		D80917D02A657302007593A4 /* Assets.xcassets */ = {isa = PBXFileReference; lastKnownFileType = folder.assetcatalog; path = Assets.xcassets; sourceTree = "<group>"; };
		D80917D32A657302007593A4 /* Base */ = {isa = PBXFileReference; lastKnownFileType = file.storyboard; name = Base; path = Base.lproj/LaunchScreen.storyboard; sourceTree = "<group>"; };
		D80B50162A6A507B009D3F3E /* SwiftUI.framework */ = {isa = PBXFileReference; lastKnownFileType = wrapper.framework; name = SwiftUI.framework; path = Platforms/iPhoneOS.platform/Developer/SDKs/iPhoneOS16.4.sdk/System/Library/Frameworks/SwiftUI.framework; sourceTree = DEVELOPER_DIR; };
		D80EAB7C2A6D074F00524D7A /* AudioManager.swift */ = {isa = PBXFileReference; lastKnownFileType = sourcecode.swift; path = AudioManager.swift; sourceTree = "<group>"; };
		D821579C2A693602004650C5 /* PopUpView.swift */ = {isa = PBXFileReference; lastKnownFileType = sourcecode.swift; path = PopUpView.swift; sourceTree = "<group>"; };
		D821579E2A69396A004650C5 /* CustomFocusableButton.swift */ = {isa = PBXFileReference; lastKnownFileType = sourcecode.swift; path = CustomFocusableButton.swift; sourceTree = "<group>"; };
		D83666082A67146E0051EA5B /* GarbageNode.swift */ = {isa = PBXFileReference; lastKnownFileType = sourcecode.swift; path = GarbageNode.swift; sourceTree = "<group>"; };
		D84497002A6665A1001BEBE9 /* NanoChallenge3-iOS.app */ = {isa = PBXFileReference; explicitFileType = wrapper.application; includeInIndex = 0; path = "NanoChallenge3-iOS.app"; sourceTree = BUILT_PRODUCTS_DIR; };
		D84497022A6665A1001BEBE9 /* AppDelegate.swift */ = {isa = PBXFileReference; lastKnownFileType = sourcecode.swift; path = AppDelegate.swift; sourceTree = "<group>"; };
		D84497042A6665A1001BEBE9 /* SceneDelegate.swift */ = {isa = PBXFileReference; lastKnownFileType = sourcecode.swift; path = SceneDelegate.swift; sourceTree = "<group>"; };
		D84497092A6665A1001BEBE9 /* Base */ = {isa = PBXFileReference; lastKnownFileType = file.storyboard; name = Base; path = Base.lproj/Main.storyboard; sourceTree = "<group>"; };
		D844970B2A6665A2001BEBE9 /* Assets.xcassets */ = {isa = PBXFileReference; lastKnownFileType = folder.assetcatalog; path = Assets.xcassets; sourceTree = "<group>"; };
		D844970E2A6665A2001BEBE9 /* Base */ = {isa = PBXFileReference; lastKnownFileType = file.storyboard; name = Base; path = Base.lproj/LaunchScreen.storyboard; sourceTree = "<group>"; };
		D84497102A6665A2001BEBE9 /* Info.plist */ = {isa = PBXFileReference; lastKnownFileType = text.plist.xml; path = Info.plist; sourceTree = "<group>"; };
		D844971F2A669FAD001BEBE9 /* GameViewController.swift */ = {isa = PBXFileReference; lastKnownFileType = sourcecode.swift; path = GameViewController.swift; sourceTree = "<group>"; };
		D84ABF602A66D1DD0044FFFE /* SpriteKit.framework */ = {isa = PBXFileReference; lastKnownFileType = wrapper.framework; name = SpriteKit.framework; path = System/Library/Frameworks/SpriteKit.framework; sourceTree = SDKROOT; };
		D84ABF622A66D6970044FFFE /* GameScene.swift */ = {isa = PBXFileReference; lastKnownFileType = sourcecode.swift; path = GameScene.swift; sourceTree = "<group>"; };
		D84ABF652A66DCA80044FFFE /* BinNode.swift */ = {isa = PBXFileReference; lastKnownFileType = sourcecode.swift; path = BinNode.swift; sourceTree = "<group>"; };
		D8CC8E8B2A6AD537002FBA67 /* NanoChallenge3-tvOS-Info.plist */ = {isa = PBXFileReference; lastKnownFileType = text.plist; path = "NanoChallenge3-tvOS-Info.plist"; sourceTree = "<group>"; };
		D8CC8E8E2A6CEDFF002FBA67 /* ViewController.swift */ = {isa = PBXFileReference; fileEncoding = 4; lastKnownFileType = sourcecode.swift; path = ViewController.swift; sourceTree = "<group>"; };
/* End PBXFileReference section */

/* Begin PBXFrameworksBuildPhase section */
		D80917C32A657301007593A4 /* Frameworks */ = {
			isa = PBXFrameworksBuildPhase;
			buildActionMask = 2147483647;
			files = (
				D84ABF612A66D1DE0044FFFE /* SpriteKit.framework in Frameworks */,
			);
			runOnlyForDeploymentPostprocessing = 0;
		};
		D84496FD2A6665A1001BEBE9 /* Frameworks */ = {
			isa = PBXFrameworksBuildPhase;
			buildActionMask = 2147483647;
			files = (
				D80B50172A6A507B009D3F3E /* SwiftUI.framework in Frameworks */,
			);
			runOnlyForDeploymentPostprocessing = 0;
		};
/* End PBXFrameworksBuildPhase section */

/* Begin PBXGroup section */
		78E5CC4C2A6C0B860037E6EA /* Fonts */ = {
			isa = PBXGroup;
			children = (
				78E5CC4D2A6C0C330037E6EA /* BubblegumSans-Regular.ttf */,
			);
			path = Fonts;
			sourceTree = "<group>";
		};
		78E5CC4F2A6C395D0037E6EA /* Audio */ = {
			isa = PBXGroup;
			children = (
				78E5CC512A6C3B760037E6EA /* Button Click.mp3 */,
				78E5CC532A6C3B760037E6EA /* Character Movement.mp3 */,
				78E5CC542A6C3B760037E6EA /* Game End.mp3 */,
				78E5CC522A6C3B760037E6EA /* Gameplay.mp3 */,
				78E5CC562A6C3B760037E6EA /* Item Collected.mp3 */,
				78E5CC552A6C3B760037E6EA /* Start Menu.mp3 */,
			);
			path = Audio;
			sourceTree = "<group>";
		};
		D80917BD2A657301007593A4 = {
			isa = PBXGroup;
			children = (
				681629482A6BF529003F7D26 /* LocalDeviceManager.swift */,
				D8CC8E8B2A6AD537002FBA67 /* NanoChallenge3-tvOS-Info.plist */,
				D80917C82A657301007593A4 /* NanoChallenge3 */,
				D84497012A6665A1001BEBE9 /* NanoChallenge3-iOS */,
				D80917C72A657301007593A4 /* Products */,
				D84ABF5F2A66D1DD0044FFFE /* Frameworks */,
			);
			sourceTree = "<group>";
		};
		D80917C72A657301007593A4 /* Products */ = {
			isa = PBXGroup;
			children = (
				D80917C62A657301007593A4 /* NanoChallenge3-tvOS.app */,
				D84497002A6665A1001BEBE9 /* NanoChallenge3-iOS.app */,
			);
			name = Products;
			sourceTree = "<group>";
		};
		D80917C82A657301007593A4 /* NanoChallenge3 */ = {
			isa = PBXGroup;
			children = (
				78E5CC4F2A6C395D0037E6EA /* Audio */,
				78E5CC4C2A6C0B860037E6EA /* Fonts */,
				D80B50132A6A3AAB009D3F3E /* GlobalComponents */,
				D82157992A69337A004650C5 /* PopUp */,
				D84497142A666F99001BEBE9 /* Game */,
				D80917C92A657301007593A4 /* AppDelegate.swift */,
				78E5CC4A2A6C0A250037E6EA /* SceneDelegate.swift */,
				D8CC8E8E2A6CEDFF002FBA67 /* ViewController.swift */,
				D80917CB2A657301007593A4 /* DeviceDiscoveryViewController.swift */,
				D80917CD2A657301007593A4 /* Main.storyboard */,
				D80917D02A657302007593A4 /* Assets.xcassets */,
				D80917D22A657302007593A4 /* LaunchScreen.storyboard */,
				68FB2BAC2A6C0AFC00B9642E /* SceneDelegate.swift */,
			);
			path = NanoChallenge3;
			sourceTree = "<group>";
		};
		D80B50132A6A3AAB009D3F3E /* GlobalComponents */ = {
			isa = PBXGroup;
			children = (
				D821579E2A69396A004650C5 /* CustomFocusableButton.swift */,
				D80EAB7C2A6D074F00524D7A /* AudioManager.swift */,
			);
			path = GlobalComponents;
			sourceTree = "<group>";
		};
		D82157992A69337A004650C5 /* PopUp */ = {
			isa = PBXGroup;
			children = (
				D821579C2A693602004650C5 /* PopUpView.swift */,
			);
			path = PopUp;
			sourceTree = "<group>";
		};
		D84497012A6665A1001BEBE9 /* NanoChallenge3-iOS */ = {
			isa = PBXGroup;
			children = (
				D84497022A6665A1001BEBE9 /* AppDelegate.swift */,
				D84497042A6665A1001BEBE9 /* SceneDelegate.swift */,
				D84497082A6665A1001BEBE9 /* Main.storyboard */,
				D844970B2A6665A2001BEBE9 /* Assets.xcassets */,
				D844970D2A6665A2001BEBE9 /* LaunchScreen.storyboard */,
				D84497102A6665A2001BEBE9 /* Info.plist */,
				681629512A6BF830003F7D26 /* CameraView.swift */,
				681629542A6BF869003F7D26 /* CameraViewController.swift */,
				681629562A6BF878003F7D26 /* HandGestureProcessor.swift */,
			);
			path = "NanoChallenge3-iOS";
			sourceTree = "<group>";
		};
		D84497142A666F99001BEBE9 /* Game */ = {
			isa = PBXGroup;
			children = (
				D84ABF642A66D9E50044FFFE /* Components */,
				D844971F2A669FAD001BEBE9 /* GameViewController.swift */,
				D84ABF622A66D6970044FFFE /* GameScene.swift */,
			);
			path = Game;
			sourceTree = "<group>";
		};
		D84ABF5F2A66D1DD0044FFFE /* Frameworks */ = {
			isa = PBXGroup;
			children = (
				D80B50162A6A507B009D3F3E /* SwiftUI.framework */,
				D84ABF602A66D1DD0044FFFE /* SpriteKit.framework */,
			);
			name = Frameworks;
			sourceTree = "<group>";
		};
		D84ABF642A66D9E50044FFFE /* Components */ = {
			isa = PBXGroup;
			children = (
				D84ABF652A66DCA80044FFFE /* BinNode.swift */,
				D83666082A67146E0051EA5B /* GarbageNode.swift */,
			);
			path = Components;
			sourceTree = "<group>";
		};
/* End PBXGroup section */

/* Begin PBXNativeTarget section */
		D80917C52A657301007593A4 /* NanoChallenge3-tvOS */ = {
			isa = PBXNativeTarget;
			buildConfigurationList = D80917D72A657302007593A4 /* Build configuration list for PBXNativeTarget "NanoChallenge3-tvOS" */;
			buildPhases = (
				D80917C22A657301007593A4 /* Sources */,
				D80917C32A657301007593A4 /* Frameworks */,
				D80917C42A657301007593A4 /* Resources */,
			);
			buildRules = (
			);
			dependencies = (
			);
			name = "NanoChallenge3-tvOS";
			productName = NanoChallenge3;
			productReference = D80917C62A657301007593A4 /* NanoChallenge3-tvOS.app */;
			productType = "com.apple.product-type.application";
		};
		D84496FF2A6665A1001BEBE9 /* NanoChallenge3-iOS */ = {
			isa = PBXNativeTarget;
			buildConfigurationList = D84497132A6665A2001BEBE9 /* Build configuration list for PBXNativeTarget "NanoChallenge3-iOS" */;
			buildPhases = (
				D84496FC2A6665A1001BEBE9 /* Sources */,
				D84496FD2A6665A1001BEBE9 /* Frameworks */,
				D84496FE2A6665A1001BEBE9 /* Resources */,
			);
			buildRules = (
			);
			dependencies = (
			);
			name = "NanoChallenge3-iOS";
			productName = "NanoChallenge3-iOS";
			productReference = D84497002A6665A1001BEBE9 /* NanoChallenge3-iOS.app */;
			productType = "com.apple.product-type.application";
		};
/* End PBXNativeTarget section */

/* Begin PBXProject section */
		D80917BE2A657301007593A4 /* Project object */ = {
			isa = PBXProject;
			attributes = {
				BuildIndependentTargetsInParallel = 1;
				LastSwiftUpdateCheck = 1430;
				LastUpgradeCheck = 1430;
				TargetAttributes = {
					D80917C52A657301007593A4 = {
						CreatedOnToolsVersion = 14.3.1;
					};
					D84496FF2A6665A1001BEBE9 = {
						CreatedOnToolsVersion = 14.3.1;
					};
				};
			};
			buildConfigurationList = D80917C12A657301007593A4 /* Build configuration list for PBXProject "NanoChallenge3" */;
			compatibilityVersion = "Xcode 14.0";
			developmentRegion = en;
			hasScannedForEncodings = 0;
			knownRegions = (
				en,
				Base,
			);
			mainGroup = D80917BD2A657301007593A4;
			productRefGroup = D80917C72A657301007593A4 /* Products */;
			projectDirPath = "";
			projectRoot = "";
			targets = (
				D80917C52A657301007593A4 /* NanoChallenge3-tvOS */,
				D84496FF2A6665A1001BEBE9 /* NanoChallenge3-iOS */,
			);
		};
/* End PBXProject section */

/* Begin PBXResourcesBuildPhase section */
		D80917C42A657301007593A4 /* Resources */ = {
			isa = PBXResourcesBuildPhase;
			buildActionMask = 2147483647;
			files = (
				78E5CC5C2A6C3B760037E6EA /* Item Collected.mp3 in Resources */,
				D80917D42A657302007593A4 /* LaunchScreen.storyboard in Resources */,
				78E5CC572A6C3B760037E6EA /* Button Click.mp3 in Resources */,
				78E5CC5B2A6C3B760037E6EA /* Start Menu.mp3 in Resources */,
				D80917D12A657302007593A4 /* Assets.xcassets in Resources */,
				78E5CC5A2A6C3B760037E6EA /* Game End.mp3 in Resources */,
				78E5CC592A6C3B760037E6EA /* Character Movement.mp3 in Resources */,
				78E5CC4E2A6C0C330037E6EA /* BubblegumSans-Regular.ttf in Resources */,
				78E5CC582A6C3B760037E6EA /* Gameplay.mp3 in Resources */,
				D80917CF2A657301007593A4 /* Main.storyboard in Resources */,
			);
			runOnlyForDeploymentPostprocessing = 0;
		};
		D84496FE2A6665A1001BEBE9 /* Resources */ = {
			isa = PBXResourcesBuildPhase;
			buildActionMask = 2147483647;
			files = (
				D844970F2A6665A2001BEBE9 /* LaunchScreen.storyboard in Resources */,
				D844970C2A6665A2001BEBE9 /* Assets.xcassets in Resources */,
				D844970A2A6665A1001BEBE9 /* Main.storyboard in Resources */,
			);
			runOnlyForDeploymentPostprocessing = 0;
		};
/* End PBXResourcesBuildPhase section */

/* Begin PBXSourcesBuildPhase section */
		D80917C22A657301007593A4 /* Sources */ = {
			isa = PBXSourcesBuildPhase;
			buildActionMask = 2147483647;
			files = (
				D8CC8E8F2A6CEDFF002FBA67 /* ViewController.swift in Sources */,
				D821579D2A693602004650C5 /* PopUpView.swift in Sources */,
				D821579F2A69396A004650C5 /* CustomFocusableButton.swift in Sources */,
				78E5CC4B2A6C0A2F0037E6EA /* SceneDelegate.swift in Sources */,
				D84ABF662A66DCA80044FFFE /* BinNode.swift in Sources */,
				D80917CC2A657301007593A4 /* DeviceDiscoveryViewController.swift in Sources */,
				681629492A6BF529003F7D26 /* LocalDeviceManager.swift in Sources */,
				D84ABF662A66DCA80044FFFE /* BinNode.swift in Sources */,
				D80917CC2A657301007593A4 /* DeviceDiscoveryViewController.swift in Sources */,
				D80EAB7D2A6D074F00524D7A /* AudioManager.swift in Sources */,
				68FB2BAD2A6C0AFC00B9642E /* SceneDelegate.swift in Sources */,
				D84497202A669FAD001BEBE9 /* GameViewController.swift in Sources */,
				D83666092A67146E0051EA5B /* GarbageNode.swift in Sources */,
				D84ABF632A66D6970044FFFE /* GameScene.swift in Sources */,
				D80917CA2A657301007593A4 /* AppDelegate.swift in Sources */,
			);
			runOnlyForDeploymentPostprocessing = 0;
		};
		D84496FC2A6665A1001BEBE9 /* Sources */ = {
			isa = PBXSourcesBuildPhase;
			buildActionMask = 2147483647;
			files = (
				6816294A2A6BF529003F7D26 /* LocalDeviceManager.swift in Sources */,
				D84497032A6665A1001BEBE9 /* AppDelegate.swift in Sources */,
				681629532A6BF830003F7D26 /* CameraView.swift in Sources */,
				D84497052A6665A1001BEBE9 /* SceneDelegate.swift in Sources */,
				681629572A6BF878003F7D26 /* HandGestureProcessor.swift in Sources */,
				681629552A6BF869003F7D26 /* CameraViewController.swift in Sources */,
			);
			runOnlyForDeploymentPostprocessing = 0;
		};
/* End PBXSourcesBuildPhase section */

/* Begin PBXVariantGroup section */
		D80917CD2A657301007593A4 /* Main.storyboard */ = {
			isa = PBXVariantGroup;
			children = (
				D80917CE2A657301007593A4 /* Base */,
			);
			name = Main.storyboard;
			sourceTree = "<group>";
		};
		D80917D22A657302007593A4 /* LaunchScreen.storyboard */ = {
			isa = PBXVariantGroup;
			children = (
				D80917D32A657302007593A4 /* Base */,
			);
			name = LaunchScreen.storyboard;
			sourceTree = "<group>";
		};
		D84497082A6665A1001BEBE9 /* Main.storyboard */ = {
			isa = PBXVariantGroup;
			children = (
				D84497092A6665A1001BEBE9 /* Base */,
			);
			name = Main.storyboard;
			sourceTree = "<group>";
		};
		D844970D2A6665A2001BEBE9 /* LaunchScreen.storyboard */ = {
			isa = PBXVariantGroup;
			children = (
				D844970E2A6665A2001BEBE9 /* Base */,
			);
			name = LaunchScreen.storyboard;
			sourceTree = "<group>";
		};
/* End PBXVariantGroup section */

/* Begin XCBuildConfiguration section */
		D80917D52A657302007593A4 /* Debug */ = {
			isa = XCBuildConfiguration;
			buildSettings = {
				ALWAYS_SEARCH_USER_PATHS = NO;
				CLANG_ANALYZER_NONNULL = YES;
				CLANG_ANALYZER_NUMBER_OBJECT_CONVERSION = YES_AGGRESSIVE;
				CLANG_CXX_LANGUAGE_STANDARD = "gnu++20";
				CLANG_ENABLE_MODULES = YES;
				CLANG_ENABLE_OBJC_ARC = YES;
				CLANG_ENABLE_OBJC_WEAK = YES;
				CLANG_WARN_BLOCK_CAPTURE_AUTORELEASING = YES;
				CLANG_WARN_BOOL_CONVERSION = YES;
				CLANG_WARN_COMMA = YES;
				CLANG_WARN_CONSTANT_CONVERSION = YES;
				CLANG_WARN_DEPRECATED_OBJC_IMPLEMENTATIONS = YES;
				CLANG_WARN_DIRECT_OBJC_ISA_USAGE = YES_ERROR;
				CLANG_WARN_DOCUMENTATION_COMMENTS = YES;
				CLANG_WARN_EMPTY_BODY = YES;
				CLANG_WARN_ENUM_CONVERSION = YES;
				CLANG_WARN_INFINITE_RECURSION = YES;
				CLANG_WARN_INT_CONVERSION = YES;
				CLANG_WARN_NON_LITERAL_NULL_CONVERSION = YES;
				CLANG_WARN_OBJC_IMPLICIT_RETAIN_SELF = YES;
				CLANG_WARN_OBJC_LITERAL_CONVERSION = YES;
				CLANG_WARN_OBJC_ROOT_CLASS = YES_ERROR;
				CLANG_WARN_QUOTED_INCLUDE_IN_FRAMEWORK_HEADER = YES;
				CLANG_WARN_RANGE_LOOP_ANALYSIS = YES;
				CLANG_WARN_STRICT_PROTOTYPES = YES;
				CLANG_WARN_SUSPICIOUS_MOVE = YES;
				CLANG_WARN_UNGUARDED_AVAILABILITY = YES_AGGRESSIVE;
				CLANG_WARN_UNREACHABLE_CODE = YES;
				CLANG_WARN__DUPLICATE_METHOD_MATCH = YES;
				COPY_PHASE_STRIP = NO;
				DEBUG_INFORMATION_FORMAT = dwarf;
				ENABLE_STRICT_OBJC_MSGSEND = YES;
				ENABLE_TESTABILITY = YES;
				GCC_C_LANGUAGE_STANDARD = gnu11;
				GCC_DYNAMIC_NO_PIC = NO;
				GCC_NO_COMMON_BLOCKS = YES;
				GCC_OPTIMIZATION_LEVEL = 0;
				GCC_PREPROCESSOR_DEFINITIONS = (
					"DEBUG=1",
					"$(inherited)",
				);
				GCC_WARN_64_TO_32_BIT_CONVERSION = YES;
				GCC_WARN_ABOUT_RETURN_TYPE = YES_ERROR;
				GCC_WARN_UNDECLARED_SELECTOR = YES;
				GCC_WARN_UNINITIALIZED_AUTOS = YES_AGGRESSIVE;
				GCC_WARN_UNUSED_FUNCTION = YES;
				GCC_WARN_UNUSED_VARIABLE = YES;
				IPHONEOS_DEPLOYMENT_TARGET = 16.0;
				MTL_ENABLE_DEBUG_INFO = INCLUDE_SOURCE;
				MTL_FAST_MATH = YES;
				ONLY_ACTIVE_ARCH = YES;
				SDKROOT = appletvos;
				SWIFT_ACTIVE_COMPILATION_CONDITIONS = DEBUG;
				SWIFT_OPTIMIZATION_LEVEL = "-Onone";
				TVOS_DEPLOYMENT_TARGET = 16.4;
			};
			name = Debug;
		};
		D80917D62A657302007593A4 /* Release */ = {
			isa = XCBuildConfiguration;
			buildSettings = {
				ALWAYS_SEARCH_USER_PATHS = NO;
				CLANG_ANALYZER_NONNULL = YES;
				CLANG_ANALYZER_NUMBER_OBJECT_CONVERSION = YES_AGGRESSIVE;
				CLANG_CXX_LANGUAGE_STANDARD = "gnu++20";
				CLANG_ENABLE_MODULES = YES;
				CLANG_ENABLE_OBJC_ARC = YES;
				CLANG_ENABLE_OBJC_WEAK = YES;
				CLANG_WARN_BLOCK_CAPTURE_AUTORELEASING = YES;
				CLANG_WARN_BOOL_CONVERSION = YES;
				CLANG_WARN_COMMA = YES;
				CLANG_WARN_CONSTANT_CONVERSION = YES;
				CLANG_WARN_DEPRECATED_OBJC_IMPLEMENTATIONS = YES;
				CLANG_WARN_DIRECT_OBJC_ISA_USAGE = YES_ERROR;
				CLANG_WARN_DOCUMENTATION_COMMENTS = YES;
				CLANG_WARN_EMPTY_BODY = YES;
				CLANG_WARN_ENUM_CONVERSION = YES;
				CLANG_WARN_INFINITE_RECURSION = YES;
				CLANG_WARN_INT_CONVERSION = YES;
				CLANG_WARN_NON_LITERAL_NULL_CONVERSION = YES;
				CLANG_WARN_OBJC_IMPLICIT_RETAIN_SELF = YES;
				CLANG_WARN_OBJC_LITERAL_CONVERSION = YES;
				CLANG_WARN_OBJC_ROOT_CLASS = YES_ERROR;
				CLANG_WARN_QUOTED_INCLUDE_IN_FRAMEWORK_HEADER = YES;
				CLANG_WARN_RANGE_LOOP_ANALYSIS = YES;
				CLANG_WARN_STRICT_PROTOTYPES = YES;
				CLANG_WARN_SUSPICIOUS_MOVE = YES;
				CLANG_WARN_UNGUARDED_AVAILABILITY = YES_AGGRESSIVE;
				CLANG_WARN_UNREACHABLE_CODE = YES;
				CLANG_WARN__DUPLICATE_METHOD_MATCH = YES;
				COPY_PHASE_STRIP = NO;
				DEBUG_INFORMATION_FORMAT = "dwarf-with-dsym";
				ENABLE_NS_ASSERTIONS = NO;
				ENABLE_STRICT_OBJC_MSGSEND = YES;
				GCC_C_LANGUAGE_STANDARD = gnu11;
				GCC_NO_COMMON_BLOCKS = YES;
				GCC_WARN_64_TO_32_BIT_CONVERSION = YES;
				GCC_WARN_ABOUT_RETURN_TYPE = YES_ERROR;
				GCC_WARN_UNDECLARED_SELECTOR = YES;
				GCC_WARN_UNINITIALIZED_AUTOS = YES_AGGRESSIVE;
				GCC_WARN_UNUSED_FUNCTION = YES;
				GCC_WARN_UNUSED_VARIABLE = YES;
				IPHONEOS_DEPLOYMENT_TARGET = 16.0;
				MTL_ENABLE_DEBUG_INFO = NO;
				MTL_FAST_MATH = YES;
				SDKROOT = appletvos;
				SWIFT_COMPILATION_MODE = wholemodule;
				SWIFT_OPTIMIZATION_LEVEL = "-O";
				TVOS_DEPLOYMENT_TARGET = 16.4;
				VALIDATE_PRODUCT = YES;
			};
			name = Release;
		};
		D80917D82A657302007593A4 /* Debug */ = {
			isa = XCBuildConfiguration;
			buildSettings = {
				ASSETCATALOG_COMPILER_APPICON_NAME = "App Icon & Top Shelf Image";
				ASSETCATALOG_COMPILER_GLOBAL_ACCENT_COLOR_NAME = AccentColor;
				CODE_SIGN_STYLE = Automatic;
				CURRENT_PROJECT_VERSION = 1;
				DEVELOPMENT_TEAM = MH2BSYHQQX;
				GENERATE_INFOPLIST_FILE = YES;
				INFOPLIST_FILE = "NanoChallenge3-tvOS-Info.plist";
				INFOPLIST_KEY_CFBundleDisplayName = "Trash Catcher";
				INFOPLIST_KEY_UILaunchStoryboardName = LaunchScreen;
				INFOPLIST_KEY_UIUserInterfaceStyle = Automatic;
				LD_RUNPATH_SEARCH_PATHS = (
					"$(inherited)",
					"@executable_path/Frameworks",
				);
				MARKETING_VERSION = 1.0;
				PRODUCT_BUNDLE_IDENTIFIER = me.Dallian.Kevin.NanoChallenge3;
				PRODUCT_NAME = "$(TARGET_NAME)";
				SUPPORTED_PLATFORMS = "appletvos appletvsimulator";
				SUPPORTS_MACCATALYST = NO;
				SUPPORTS_MAC_DESIGNED_FOR_IPHONE_IPAD = NO;
				SWIFT_EMIT_LOC_STRINGS = YES;
				SWIFT_VERSION = 5.0;
				TARGETED_DEVICE_FAMILY = 3;
				TVOS_DEPLOYMENT_TARGET = 16.3;
			};
			name = Debug;
		};
		D80917D92A657302007593A4 /* Release */ = {
			isa = XCBuildConfiguration;
			buildSettings = {
				ASSETCATALOG_COMPILER_APPICON_NAME = "App Icon & Top Shelf Image";
				ASSETCATALOG_COMPILER_GLOBAL_ACCENT_COLOR_NAME = AccentColor;
				CODE_SIGN_STYLE = Automatic;
				CURRENT_PROJECT_VERSION = 1;
				DEVELOPMENT_TEAM = MH2BSYHQQX;
				GENERATE_INFOPLIST_FILE = YES;
				INFOPLIST_FILE = "NanoChallenge3-tvOS-Info.plist";
				INFOPLIST_KEY_CFBundleDisplayName = "Trash Catcher";
				INFOPLIST_KEY_UILaunchStoryboardName = LaunchScreen;
				INFOPLIST_KEY_UIUserInterfaceStyle = Automatic;
				LD_RUNPATH_SEARCH_PATHS = (
					"$(inherited)",
					"@executable_path/Frameworks",
				);
				MARKETING_VERSION = 1.0;
				PRODUCT_BUNDLE_IDENTIFIER = me.Dallian.Kevin.NanoChallenge3;
				PRODUCT_NAME = "$(TARGET_NAME)";
				SUPPORTED_PLATFORMS = "appletvos appletvsimulator";
				SUPPORTS_MACCATALYST = NO;
				SUPPORTS_MAC_DESIGNED_FOR_IPHONE_IPAD = NO;
				SWIFT_EMIT_LOC_STRINGS = YES;
				SWIFT_VERSION = 5.0;
				TARGETED_DEVICE_FAMILY = 3;
				TVOS_DEPLOYMENT_TARGET = 16.3;
			};
			name = Release;
		};
		D84497112A6665A2001BEBE9 /* Debug */ = {
			isa = XCBuildConfiguration;
			buildSettings = {
				ASSETCATALOG_COMPILER_APPICON_NAME = AppIcon;
				ASSETCATALOG_COMPILER_GLOBAL_ACCENT_COLOR_NAME = AccentColor;
				CODE_SIGN_STYLE = Automatic;
				CURRENT_PROJECT_VERSION = 1;
				DEVELOPMENT_TEAM = ATHR44FBVZ;
				GENERATE_INFOPLIST_FILE = YES;
				INFOPLIST_FILE = "NanoChallenge3-iOS/Info.plist";
				INFOPLIST_KEY_CFBundleDisplayName = "Trash Catcher";
				INFOPLIST_KEY_NSCameraUsageDescription = "This app asks permission to use camera";
				INFOPLIST_KEY_UIApplicationSupportsIndirectInputEvents = YES;
				INFOPLIST_KEY_UILaunchStoryboardName = LaunchScreen;
				INFOPLIST_KEY_UIMainStoryboardFile = Main;
				INFOPLIST_KEY_UISupportedInterfaceOrientations_iPad = "UIInterfaceOrientationPortrait UIInterfaceOrientationPortraitUpsideDown UIInterfaceOrientationLandscapeLeft UIInterfaceOrientationLandscapeRight";
				INFOPLIST_KEY_UISupportedInterfaceOrientations_iPhone = "UIInterfaceOrientationPortrait UIInterfaceOrientationLandscapeLeft UIInterfaceOrientationLandscapeRight";
				IPHONEOS_DEPLOYMENT_TARGET = 16.3;
				LD_RUNPATH_SEARCH_PATHS = (
					"$(inherited)",
					"@executable_path/Frameworks",
				);
				MARKETING_VERSION = 1.0;
				PRODUCT_BUNDLE_IDENTIFIER = me.Dallian.Kevin.NanoChallenge3;
				PRODUCT_NAME = "$(TARGET_NAME)";
				SDKROOT = iphoneos;
				SWIFT_EMIT_LOC_STRINGS = YES;
				SWIFT_VERSION = 5.0;
				TARGETED_DEVICE_FAMILY = "1,2";
			};
			name = Debug;
		};
		D84497122A6665A2001BEBE9 /* Release */ = {
			isa = XCBuildConfiguration;
			buildSettings = {
				ASSETCATALOG_COMPILER_APPICON_NAME = AppIcon;
				ASSETCATALOG_COMPILER_GLOBAL_ACCENT_COLOR_NAME = AccentColor;
				CODE_SIGN_STYLE = Automatic;
				CURRENT_PROJECT_VERSION = 1;
				DEVELOPMENT_TEAM = ATHR44FBVZ;
				GENERATE_INFOPLIST_FILE = YES;
				INFOPLIST_FILE = "NanoChallenge3-iOS/Info.plist";
				INFOPLIST_KEY_CFBundleDisplayName = "Trash Catcher";
				INFOPLIST_KEY_NSCameraUsageDescription = "This app asks permission to use camera";
				INFOPLIST_KEY_UIApplicationSupportsIndirectInputEvents = YES;
				INFOPLIST_KEY_UILaunchStoryboardName = LaunchScreen;
				INFOPLIST_KEY_UIMainStoryboardFile = Main;
				INFOPLIST_KEY_UISupportedInterfaceOrientations_iPad = "UIInterfaceOrientationPortrait UIInterfaceOrientationPortraitUpsideDown UIInterfaceOrientationLandscapeLeft UIInterfaceOrientationLandscapeRight";
				INFOPLIST_KEY_UISupportedInterfaceOrientations_iPhone = "UIInterfaceOrientationPortrait UIInterfaceOrientationLandscapeLeft UIInterfaceOrientationLandscapeRight";
				IPHONEOS_DEPLOYMENT_TARGET = 16.3;
				LD_RUNPATH_SEARCH_PATHS = (
					"$(inherited)",
					"@executable_path/Frameworks",
				);
				MARKETING_VERSION = 1.0;
				PRODUCT_BUNDLE_IDENTIFIER = me.Dallian.Kevin.NanoChallenge3;
				PRODUCT_NAME = "$(TARGET_NAME)";
				SDKROOT = iphoneos;
				SWIFT_EMIT_LOC_STRINGS = YES;
				SWIFT_VERSION = 5.0;
				TARGETED_DEVICE_FAMILY = "1,2";
			};
			name = Release;
		};
/* End XCBuildConfiguration section */

/* Begin XCConfigurationList section */
		D80917C12A657301007593A4 /* Build configuration list for PBXProject "NanoChallenge3" */ = {
			isa = XCConfigurationList;
			buildConfigurations = (
				D80917D52A657302007593A4 /* Debug */,
				D80917D62A657302007593A4 /* Release */,
			);
			defaultConfigurationIsVisible = 0;
			defaultConfigurationName = Release;
		};
		D80917D72A657302007593A4 /* Build configuration list for PBXNativeTarget "NanoChallenge3-tvOS" */ = {
			isa = XCConfigurationList;
			buildConfigurations = (
				D80917D82A657302007593A4 /* Debug */,
				D80917D92A657302007593A4 /* Release */,
			);
			defaultConfigurationIsVisible = 0;
			defaultConfigurationName = Release;
		};
		D84497132A6665A2001BEBE9 /* Build configuration list for PBXNativeTarget "NanoChallenge3-iOS" */ = {
			isa = XCConfigurationList;
			buildConfigurations = (
				D84497112A6665A2001BEBE9 /* Debug */,
				D84497122A6665A2001BEBE9 /* Release */,
			);
			defaultConfigurationIsVisible = 0;
			defaultConfigurationName = Release;
		};
/* End XCConfigurationList section */
	};
	rootObject = D80917BE2A657301007593A4 /* Project object */;
}
